github.com/beatgammit/turnpike v0.0.0-20170911161258-573f579df7ee/go.mod h1:nLl3qHMc5xKNLHHm/T7qBzrYGKSCJqLnFVLb2B5RvGI=
github.com/gorilla/context v0.0.0-20160226214623-1ea25387ff6f h1:9oNbS1z4rVpbnkHBdPZU4jo9bSmrLpII768arSyMFgk=
github.com/gorilla/context v0.0.0-20160226214623-1ea25387ff6f/go.mod h1:kBGZzfjB9CEq2AlWe17Uuf7NDRt0dE0s8S51q0aT7Yg=
github.com/gorilla/mux v1.6.1 h1:KOwqsTYZdeuMacU7CxjMNYEKeBvLbxW+psodrbcEa3A=
github.com/gorilla/mux v1.6.1/go.mod h1:1lud6UwP+6orDFRuTfBEV8e9/aOM/c4fVVCaMa2zaAs=
github.com/gorilla/websocket v1.2.0 h1:VJtLvh6VQym50czpZzx07z/kw9EgAxI3x1ZB8taTMQQ=
github.com/gorilla/websocket v1.2.0/go.mod h1:E7qHFY5m1UJ88s3WnNqhKjPHQ0heANvMoAMk2YaljkQ=
github.com/lib/pq v1.0.0 h1:X5PMW56eZitiTeO7tKzZxFCSpbFZJtkMMooicw2us9A=
github.com/lib/pq v1.0.0/go.mod h1:5WUZQaWbwv1U+lTReE5YruASi9Al49XbQIvNi/34Woo=
github.com/pkg/errors v0.8.0 h1:WdK/asTD0HN+q6hsWO3/vpuAkAr+tw6aNJNDFFf0+qw=
github.com/pkg/errors v0.8.0/go.mod h1:bwawxfHBFNV+L2hUp1rHADufV3IMtnDRdf1r5NINEl0=
github.com/streamrail/concurrent-map v0.0.0-20160823150647-8bf1e9bacbf6/go.mod h1:yqDD2twFAqxvvH5gtpwwgLsj5L1kbNwtoPoDOwBzXcs=
github.com/thrasher-/socketio v0.0.0-20150420123453-38b9599889b9/go.mod h1:DydgNAaAwBGaWoA4dQXHEj74QymzhVeTlZhlc7uWFzg=
github.com/toorop/go-pusher v0.0.0-20180107133620-4549deda5702 h1:5++uRlIqjhFXdgYOontPMHx6MQLun4kekOL/5AjC384=
github.com/toorop/go-pusher v0.0.0-20180107133620-4549deda5702/go.mod h1:VTLqNCX1tXrur6pdIRCl8Q90FR7nw/mEBdyMkWMcsb0=
github.com/ugorji/go v0.0.0-20180112141927-9831f2c3ac10/go.mod h1:hnLbHMwcvSihnDhEfx2/BzKp2xb0Y+ErdfYcrs9tkJQ=
github.com/volatiletech/inflect v0.0.0-20170731032912-e7201282ae8d h1:gI4/tqP6lCY5k6Sg+4k9qSoBXmPwG+xXgMpK7jivD4M=
github.com/volatiletech/inflect v0.0.0-20170731032912-e7201282ae8d/go.mod h1:jspfvgf53t5NLUT4o9L1IX0kIBNKamGq1tWc/MgWK9Q=
github.com/volatiletech/sqlboiler v3.1.0+incompatible h1:tWZUEpr1Z9cM5GgFuRhKSw8svL1wy5HWecPZRbgbvvI=
github.com/volatiletech/sqlboiler v3.1.0+incompatible/go.mod h1:jLfDkkHWPbS2cWRLkyC20vQWaIQsASEY7gM7zSo11Yw=
golang.org/x/crypto v0.0.0-20180602220124-df8d4716b347 h1:+jjpoZyGXummmGKty7FoOcAE9yNHXYwr4nOv+07g6X4=
golang.org/x/crypto v0.0.0-20180602220124-df8d4716b347/go.mod h1:6SG95UA2DQfeDnfUPMdvaQW0Q7yPrPDi9nlGo2tz2b4=
golang.org/x/net v0.0.0-20180201030042-309822c5b9b9 h1:+Va2hqur1pIoaZgDZSzTxfatSy6IY0IOu7qmCh8b2W8=
golang.org/x/net v0.0.0-20180201030042-309822c5b9b9/go.mod h1:mL1N/T3taQHkDXs73rZJwtUhF3w3ftmwwsq0BUmARs4=
gopkg.in/volatiletech/null.v6 v6.0.0-20170828023728-0bef4e07ae1b h1:P+3+n9hUbqSDkSdtusWHVPQRrpRpLiLFzlZ02xXskM0=
gopkg.in/volatiletech/null.v6 v6.0.0-20170828023728-0bef4e07ae1b/go.mod h1:0LRKfykySnChgQpG3Qpk+bkZFWazQ+MMfc5oldQCwnY=
