# This file is autogenerated, do not edit; changes may be undone by the next 'dep ensure'.


[[projects]]
  branch = "v2"
  name = "github.com/beatgammit/turnpike"
  packages = ["."]
  revision = "573f579df7ee6b7f2962625d35a624d11222f2ec"

[[projects]]
  name = "github.com/gorilla/context"
  packages = ["."]
  revision = "1ea25387ff6f684839d82767c1733ff4d4d15d0a"
  version = "v1.1"

[[projects]]
  name = "github.com/gorilla/mux"
  packages = ["."]
  revision = "53c1911da2b537f792e7cafcb446b05ffe33b996"
  version = "v1.6.1"

[[projects]]
  name = "github.com/gorilla/websocket"
  packages = ["."]
  revision = "ea4d1f681babbce9545c9c5f3d5194a789c89f5b"
  version = "v1.2.0"

[[projects]]
  branch = "master"
  name = "github.com/streamrail/concurrent-map"
  packages = ["."]
  revision = "8bf1e9bacbf65b10c81d0f4314cf2b1ebef728b5"

[[projects]]
  branch = "master"
  name = "github.com/thrasher-/socketio"
  packages = ["."]
  revision = "38b9599889b97e3f897b32ca075eff4e5338342b"

[[projects]]
  branch = "master"
  name = "github.com/toorop/go-pusher"
  packages = ["."]
  revision = "4549deda570234e4f8e9fd0d69c149d4dc07d0c9"

[[projects]]
  name = "github.com/ugorji/go"
  packages = ["codec"]
  revision = "9831f2c3ac1068a78f50999a30db84270f647af6"
  version = "v1.1"

[[projects]]
  branch = "master"
  name = "golang.org/x/net"
  packages = ["websocket"]
  revision = "309822c5b9b9f80db67f016069a12628d94fad34"

[solve-meta]
  analyzer-name = "dep"
  analyzer-version = 1
  inputs-digest = "044625dbd4ca2222e3d52af7e25d4636b9c7e7c3e5211694b549e8ed42c2b6d7"
  solver-name = "gps-cdcl"
  solver-version = 1
