# Generated by buf. DO NOT EDIT.
version: v1
deps:
  - remote: buf.build
    owner: beta
    repository: googleapis
    branch: main
    commit: 1c473ad9220a49bca9320f4cc690eba5
    digest: b1-unlhrcI3tnJd0JEGuOb692LZ_tY_gCGq6mK1bgCn1Pg=
    create_time: 2021-06-23T20:16:47.788079Z
  - remote: buf.build
    owner: grpc-ecosystem
    repository: grpc-gateway
    branch: main
    commit: 3d91372e5af6451c8af137f3b5594ac6
    digest: b1-Iy4ANYcU1Z6T0LEswISKGoxqT-UJNNHWlJS6ZFhno4o=
    create_time: 2021-08-01T01:14:29.490277Z
